// !$*UTF8*$!
{
	archiveVersion = 1;
	classes = {
	};
	objectVersion = 46;
	objects = {

/* Begin PBXBuildFile section */
		420581D613BC07530086A35C /* main.cpp in Sources */ = {isa = PBXBuildFile; fileRef = 420581D513BC07530086A35C /* main.cpp */; };
/* End PBXBuildFile section */

/* Begin PBXCopyFilesBuildPhase section */
		420581CF13BC07530086A35C /* CopyFiles */ = {
			isa = PBXCopyFilesBuildPhase;
			buildActionMask = 2147483647;
			dstPath = /usr/share/man/man1/;
			dstSubfolderSpec = 0;
			files = (
			);
			runOnlyForDeploymentPostprocessing = 1;
		};
/* End PBXCopyFilesBuildPhase section */

/* Begin PBXFileReference section */
		420581D113BC07530086A35C /* svn-log-analyser */ = {isa = PBXFileReference; explicitFileType = "compiled.mach-o.executable"; includeInIndex = 0; path = "svn-log-analyser"; sourceTree = BUILT_PRODUCTS_DIR; };
		420581D513BC07530086A35C /* main.cpp */ = {isa = PBXFileReference; lastKnownFileType = sourcecode.cpp.cpp; path = main.cpp; sourceTree = "<group>"; };
		420581D713BC07530086A35C /* svn_log_analyser.1 */ = {isa = PBXFileReference; lastKnownFileType = text.man; path = svn_log_analyser.1; sourceTree = "<group>"; };
/* End PBXFileReference section */

/* Begin PBXFrameworksBuildPhase section */
		420581CE13BC07530086A35C /* Frameworks */ = {
			isa = PBXFrameworksBuildPhase;
			buildActionMask = 2147483647;
			files = (
			);
			runOnlyForDeploymentPostprocessing = 0;
		};
/* End PBXFrameworksBuildPhase section */

/* Begin PBXGroup section */
		420581C613BC07530086A35C = {
			isa = PBXGroup;
			children = (
				420581D413BC07530086A35C /* svn-log-analyser */,
				420581D213BC07530086A35C /* Products */,
			);
			sourceTree = "<group>";
		};
		420581D213BC07530086A35C /* Products */ = {
			isa = PBXGroup;
			children = (
				420581D113BC07530086A35C /* svn-log-analyser */,
			);
			name = Products;
			sourceTree = "<group>";
		};
		420581D413BC07530086A35C /* svn-log-analyser */ = {
			isa = PBXGroup;
			children = (
				420581D513BC07530086A35C /* main.cpp */,
				420581D713BC07530086A35C /* svn_log_analyser.1 */,
			);
			path = "svn-log-analyser";
			sourceTree = "<group>";
		};
/* End PBXGroup section */

/* Begin PBXNativeTarget section */
		420581D013BC07530086A35C /* svn-log-analyser */ = {
			isa = PBXNativeTarget;
			buildConfigurationList = 420581DA13BC07530086A35C /* Build configuration list for PBXNativeTarget "svn-log-analyser" */;
			buildPhases = (
				420581CD13BC07530086A35C /* Sources */,
				420581CE13BC07530086A35C /* Frameworks */,
				420581CF13BC07530086A35C /* CopyFiles */,
			);
			buildRules = (
			);
			dependencies = (
			);
			name = "svn-log-analyser";
			productName = "svn-log-analyser";
			productReference = 420581D113BC07530086A35C /* svn-log-analyser */;
			productType = "com.apple.product-type.tool";
		};
/* End PBXNativeTarget section */

/* Begin PBXProject section */
		420581C813BC07530086A35C /* Project object */ = {
			isa = PBXProject;
			attributes = {
				ORGANIZATIONNAME = ThoughtWorks;
			};
			buildConfigurationList = 420581CB13BC07530086A35C /* Build configuration list for PBXProject "svn-log-analyser" */;
			compatibilityVersion = "Xcode 3.2";
			developmentRegion = English;
			hasScannedForEncodings = 0;
			knownRegions = (
				en,
			);
			mainGroup = 420581C613BC07530086A35C;
			productRefGroup = 420581D213BC07530086A35C /* Products */;
			projectDirPath = "";
			projectRoot = "";
			targets = (
				420581D013BC07530086A35C /* svn-log-analyser */,
			);
		};
/* End PBXProject section */

/* Begin PBXSourcesBuildPhase section */
		420581CD13BC07530086A35C /* Sources */ = {
			isa = PBXSourcesBuildPhase;
			buildActionMask = 2147483647;
			files = (
				420581D613BC07530086A35C /* main.cpp in Sources */,
			);
			runOnlyForDeploymentPostprocessing = 0;
		};
/* End PBXSourcesBuildPhase section */

/* Begin XCBuildConfiguration section */
		420581D813BC07530086A35C /* Debug */ = {
			isa = XCBuildConfiguration;
			buildSettings = {
				ARCHS = "$(ARCHS_STANDARD_32_64_BIT)";
				GCC_C_LANGUAGE_STANDARD = gnu99;
				GCC_OPTIMIZATION_LEVEL = 0;
				GCC_PREPROCESSOR_DEFINITIONS = DEBUG;
				GCC_SYMBOLS_PRIVATE_EXTERN = NO;
				GCC_VERSION = com.apple.compilers.llvm.clang.1_0;
				GCC_WARN_64_TO_32_BIT_CONVERSION = YES;
				GCC_WARN_ABOUT_RETURN_TYPE = YES;
				GCC_WARN_UNUSED_VARIABLE = YES;
				MACOSX_DEPLOYMENT_TARGET = 10.6;
				ONLY_ACTIVE_ARCH = YES;
				SDKROOT = macosx;
			};
			name = Debug;
		};
		420581D913BC07530086A35C /* Release */ = {
			isa = XCBuildConfiguration;
			buildSettings = {
				ARCHS = "$(ARCHS_STANDARD_32_64_BIT)";
				GCC_C_LANGUAGE_STANDARD = gnu99;
				GCC_VERSION = com.apple.compilers.llvm.clang.1_0;
				GCC_WARN_64_TO_32_BIT_CONVERSION = YES;
				GCC_WARN_ABOUT_RETURN_TYPE = YES;
				GCC_WARN_UNUSED_VARIABLE = YES;
				MACOSX_DEPLOYMENT_TARGET = 10.6;
				SDKROOT = macosx;
			};
			name = Release;
		};
		420581DB13BC07530086A35C /* Debug */ = {
			isa = XCBuildConfiguration;
			buildSettings = {
				ALWAYS_SEARCH_USER_PATHS = NO;
				COPY_PHASE_STRIP = NO;
				GCC_DYNAMIC_NO_PIC = NO;
				GCC_ENABLE_OBJC_EXCEPTIONS = YES;
				PRODUCT_NAME = "$(TARGET_NAME)";
			};
			name = Debug;
		};
		420581DC13BC07530086A35C /* Release */ = {
			isa = XCBuildConfiguration;
			buildSettings = {
				ALWAYS_SEARCH_USER_PATHS = NO;
				COPY_PHASE_STRIP = YES;
				DEBUG_INFORMATION_FORMAT = "dwarf-with-dsym";
				GCC_ENABLE_OBJC_EXCEPTIONS = YES;
				PRODUCT_NAME = "$(TARGET_NAME)";
			};
			name = Release;
		};
/* End XCBuildConfiguration section */

/* Begin XCConfigurationList section */
		420581CB13BC07530086A35C /* Build configuration list for PBXProject "svn-log-analyser" */ = {
			isa = XCConfigurationList;
			buildConfigurations = (
				420581D813BC07530086A35C /* Debug */,
				420581D913BC07530086A35C /* Release */,
			);
			defaultConfigurationIsVisible = 0;
			defaultConfigurationName = Release;
		};
		420581DA13BC07530086A35C /* Build configuration list for PBXNativeTarget "svn-log-analyser" */ = {
			isa = XCConfigurationList;
			buildConfigurations = (
				420581DB13BC07530086A35C /* Debug */,
				420581DC13BC07530086A35C /* Release */,
			);
			defaultConfigurationIsVisible = 0;
		};
/* End XCConfigurationList section */
	};
	rootObject = 420581C813BC07530086A35C /* Project object */;
}
